<Solution>
  <Folder Name="/src/">
    <Project Path="src/Shared.Contracts/Shared.Contracts.csproj" />
    <Project Path="src/ProductService/ProductService.csproj" />
    <Project Path="src/OrderService/OrderService.csproj" />
    <Project Path="src/ApiGateway/ApiGateway.csproj" />
  </Folder>
  <Folder Name="/tests/">
    <Project Path="tests/ProductService.Tests/ProductService.Tests.csproj" />
    <Project Path="tests/OrderService.Tests/OrderService.Tests.csproj" />
  </Folder>
</Solution>
